
Microsoft Visual Studio Solution File, Format Version 12.00
# Visual Studio 15
VisualStudioVersion = 15.0.28307.572
MinimumVisualStudioVersion = 10.0.40219.1
Project("{8BC9CEB8-8B4A-11D0-8D11-00A0C91BC942}") = "3.5.2", "3.5.2\3.5.2.vcxproj", "{014B797E-C863-44CF-B79A-6F990D70F356}"
EndProject
Global
	GlobalSection(SolutionConfigurationPlatforms) = preSolution
		Debug|x64 = Debug|x64
		Debug|x86 = Debug|x86
		Release|x64 = Release|x64
		Release|x86 = Release|x86
	EndGlobalSection
	GlobalSection(ProjectConfigurationPlatforms) = postSolution
		{014B797E-C863-44CF-B79A-6F990D70F356}.Debug|x64.ActiveCfg = Debug|x64
		{014B797E-C863-44CF-B79A-6F990D70F356}.Debug|x64.Build.0 = Debug|x64
		{014B797E-C863-44CF-B79A-6F990D70F356}.Debug|x86.ActiveCfg = Debug|Win32
		{014B797E-C863-44CF-B79A-6F990D70F356}.Debug|x86.Build.0 = Debug|Win32
		{014B797E-C863-44CF-B79A-6F990D70F356}.Release|x64.ActiveCfg = Release|x64
		{014B797E-C863-44CF-B79A-6F990D70F356}.Release|x64.Build.0 = Release|x64
		{014B797E-C863-44CF-B79A-6F990D70F356}.Release|x86.ActiveCfg = Release|Win32
		{014B797E-C863-44CF-B79A-6F990D70F356}.Release|x86.Build.0 = Release|Win32
	EndGlobalSection
	GlobalSection(SolutionProperties) = preSolution
		HideSolutionNode = FALSE
	EndGlobalSection
	GlobalSection(ExtensibilityGlobals) = postSolution
		SolutionGuid = {A0EB8F4D-BF01-4930-9E3B-8F506EC2BF42}
	EndGlobalSection
EndGlobal
