
Microsoft Visual Studio Solution File, Format Version 12.00
# Visual Studio 15
VisualStudioVersion = 15.0.28307.572
MinimumVisualStudioVersion = 10.0.40219.1
Project("{8BC9CEB8-8B4A-11D0-8D11-00A0C91BC942}") = "2.5.3", "2.5.3\2.5.3.vcxproj", "{0FBA5E39-2828-44FC-85B0-63D88C258357}"
EndProject
Global
	GlobalSection(SolutionConfigurationPlatforms) = preSolution
		Debug|x64 = Debug|x64
		Debug|x86 = Debug|x86
		Release|x64 = Release|x64
		Release|x86 = Release|x86
	EndGlobalSection
	GlobalSection(ProjectConfigurationPlatforms) = postSolution
		{0FBA5E39-2828-44FC-85B0-63D88C258357}.Debug|x64.ActiveCfg = Debug|x64
		{0FBA5E39-2828-44FC-85B0-63D88C258357}.Debug|x64.Build.0 = Debug|x64
		{0FBA5E39-2828-44FC-85B0-63D88C258357}.Debug|x86.ActiveCfg = Debug|Win32
		{0FBA5E39-2828-44FC-85B0-63D88C258357}.Debug|x86.Build.0 = Debug|Win32
		{0FBA5E39-2828-44FC-85B0-63D88C258357}.Release|x64.ActiveCfg = Release|x64
		{0FBA5E39-2828-44FC-85B0-63D88C258357}.Release|x64.Build.0 = Release|x64
		{0FBA5E39-2828-44FC-85B0-63D88C258357}.Release|x86.ActiveCfg = Release|Win32
		{0FBA5E39-2828-44FC-85B0-63D88C258357}.Release|x86.Build.0 = Release|Win32
	EndGlobalSection
	GlobalSection(SolutionProperties) = preSolution
		HideSolutionNode = FALSE
	EndGlobalSection
	GlobalSection(ExtensibilityGlobals) = postSolution
		SolutionGuid = {6C6C6F04-C6B7-4A5D-B437-79919279F4E8}
	EndGlobalSection
EndGlobal
